
Microsoft Visual Studio Solution File, Format Version 12.00
# Visual Studio 2012
Project("{FAE04EC0-301F-11D3-BF4B-00C04F79EFBC}") = "workclassesoper", "workclassesoper\workclassesoper.csproj", "{7A8586C3-37AE-4FE9-823E-EF8CC91CEFD0}"
EndProject
Global
	GlobalSection(SolutionConfigurationPlatforms) = preSolution
		Debug|x86 = Debug|x86
		Release|x86 = Release|x86
	EndGlobalSection
	GlobalSection(ProjectConfigurationPlatforms) = postSolution
		{7A8586C3-37AE-4FE9-823E-EF8CC91CEFD0}.Debug|x86.ActiveCfg = Debug|x86
		{7A8586C3-37AE-4FE9-823E-EF8CC91CEFD0}.Debug|x86.Build.0 = Debug|x86
		{7A8586C3-37AE-4FE9-823E-EF8CC91CEFD0}.Release|x86.ActiveCfg = Release|x86
		{7A8586C3-37AE-4FE9-823E-EF8CC91CEFD0}.Release|x86.Build.0 = Release|x86
	EndGlobalSection
EndGlobal
